// !$*UTF8*$!
{
	archiveVersion = 1;
	classes = {
	};
	objectVersion = 46;
	objects = {

/* Begin PBXBuildFile section */
		A5BBC280EA7BA123D42EAD25 /* libPods-Pic.a in Frameworks */ = {isa = PBXBuildFile; fileRef = 4646731838A3534CA61E927D /* libPods-Pic.a */; };
		C518E0A61F330FD100F13113 /* main.m in Sources */ = {isa = PBXBuildFile; fileRef = C518E0A51F330FD100F13113 /* main.m */; };
		C518E0A91F330FD100F13113 /* AppDelegate.m in Sources */ = {isa = PBXBuildFile; fileRef = C518E0A81F330FD100F13113 /* AppDelegate.m */; };
		C518E0AC1F330FD100F13113 /* ViewController.m in Sources */ = {isa = PBXBuildFile; fileRef = C518E0AB1F330FD100F13113 /* ViewController.m */; };
		C518E0AF1F330FD100F13113 /* Main.storyboard in Resources */ = {isa = PBXBuildFile; fileRef = C518E0AD1F330FD100F13113 /* Main.storyboard */; };
		C518E0B11F330FD100F13113 /* Assets.xcassets in Resources */ = {isa = PBXBuildFile; fileRef = C518E0B01F330FD100F13113 /* Assets.xcassets */; };
		C518E0B41F330FD100F13113 /* LaunchScreen.storyboard in Resources */ = {isa = PBXBuildFile; fileRef = C518E0B21F330FD100F13113 /* LaunchScreen.storyboard */; };
		C518E0BF1F330FD100F13113 /* PicTests.m in Sources */ = {isa = PBXBuildFile; fileRef = C518E0BE1F330FD100F13113 /* PicTests.m */; };
		C518E0CA1F330FD100F13113 /* PicUITests.m in Sources */ = {isa = PBXBuildFile; fileRef = C518E0C91F330FD100F13113 /* PicUITests.m */; };
		C559A7691F382C230066F1EE /* HWWaveView.m in Sources */ = {isa = PBXBuildFile; fileRef = C559A7681F382C230066F1EE /* HWWaveView.m */; };
		C559A7721F382C630066F1EE /* HWWaveViewController.m in Sources */ = {isa = PBXBuildFile; fileRef = C559A7711F382C630066F1EE /* HWWaveViewController.m */; };
		C564058F1F346C75006ABE77 /* PictureScanView.m in Sources */ = {isa = PBXBuildFile; fileRef = C564058E1F346C75006ABE77 /* PictureScanView.m */; };
		C56405931F346F3F006ABE77 /* PictureViewController.m in Sources */ = {isa = PBXBuildFile; fileRef = C56405921F346F3F006ABE77 /* PictureViewController.m */; };
		C56405971F346F91006ABE77 /* GifViewController.m in Sources */ = {isa = PBXBuildFile; fileRef = C56405961F346F91006ABE77 /* GifViewController.m */; };
		C56405C01F347AB8006ABE77 /* 1.gif in Resources */ = {isa = PBXBuildFile; fileRef = C564059D1F347AB7006ABE77 /* 1.gif */; };
		C56405C11F347AB8006ABE77 /* 10.gif in Resources */ = {isa = PBXBuildFile; fileRef = C564059E1F347AB7006ABE77 /* 10.gif */; };
		C56405C21F347AB8006ABE77 /* 2.gif in Resources */ = {isa = PBXBuildFile; fileRef = C564059F1F347AB7006ABE77 /* 2.gif */; };
		C56405C31F347AB8006ABE77 /* 3.gif in Resources */ = {isa = PBXBuildFile; fileRef = C56405A01F347AB7006ABE77 /* 3.gif */; };
		C56405C41F347AB8006ABE77 /* 4.gif in Resources */ = {isa = PBXBuildFile; fileRef = C56405A11F347AB7006ABE77 /* 4.gif */; };
		C56405C51F347AB8006ABE77 /* 5.gif in Resources */ = {isa = PBXBuildFile; fileRef = C56405A21F347AB8006ABE77 /* 5.gif */; };
		C56405C61F347AB8006ABE77 /* 6.gif in Resources */ = {isa = PBXBuildFile; fileRef = C56405A31F347AB8006ABE77 /* 6.gif */; };
		C56405C71F347AB8006ABE77 /* 7.gif in Resources */ = {isa = PBXBuildFile; fileRef = C56405A41F347AB8006ABE77 /* 7.gif */; };
		C56405C81F347AB8006ABE77 /* 8.gif in Resources */ = {isa = PBXBuildFile; fileRef = C56405A51F347AB8006ABE77 /* 8.gif */; };
		C56405C91F347AB8006ABE77 /* 9.gif in Resources */ = {isa = PBXBuildFile; fileRef = C56405A61F347AB8006ABE77 /* 9.gif */; };
		C56405CA1F347AB8006ABE77 /* AA.gif in Resources */ = {isa = PBXBuildFile; fileRef = C56405A71F347AB8006ABE77 /* AA.gif */; };
		C56405CB1F347AB8006ABE77 /* BB0.png in Resources */ = {isa = PBXBuildFile; fileRef = C56405A81F347AB8006ABE77 /* BB0.png */; };
		C56405CC1F347AB8006ABE77 /* BB1.png in Resources */ = {isa = PBXBuildFile; fileRef = C56405A91F347AB8006ABE77 /* BB1.png */; };
		C56405CD1F347AB8006ABE77 /* BB10.png in Resources */ = {isa = PBXBuildFile; fileRef = C56405AA1F347AB8006ABE77 /* BB10.png */; };
		C56405CE1F347AB8006ABE77 /* BB11.png in Resources */ = {isa = PBXBuildFile; fileRef = C56405AB1F347AB8006ABE77 /* BB11.png */; };
		C56405CF1F347AB8006ABE77 /* BB12.png in Resources */ = {isa = PBXBuildFile; fileRef = C56405AC1F347AB8006ABE77 /* BB12.png */; };
		C56405D01F347AB8006ABE77 /* BB13.png in Resources */ = {isa = PBXBuildFile; fileRef = C56405AD1F347AB8006ABE77 /* BB13.png */; };
		C56405D11F347AB8006ABE77 /* BB14.png in Resources */ = {isa = PBXBuildFile; fileRef = C56405AE1F347AB8006ABE77 /* BB14.png */; };
		C56405D21F347AB8006ABE77 /* BB15.png in Resources */ = {isa = PBXBuildFile; fileRef = C56405AF1F347AB8006ABE77 /* BB15.png */; };
		C56405D31F347AB8006ABE77 /* BB16.png in Resources */ = {isa = PBXBuildFile; fileRef = C56405B01F347AB8006ABE77 /* BB16.png */; };
		C56405D41F347AB8006ABE77 /* BB2.png in Resources */ = {isa = PBXBuildFile; fileRef = C56405B11F347AB8006ABE77 /* BB2.png */; };
		C56405D51F347AB8006ABE77 /* BB3.png in Resources */ = {isa = PBXBuildFile; fileRef = C56405B21F347AB8006ABE77 /* BB3.png */; };
		C56405D61F347AB8006ABE77 /* BB4.png in Resources */ = {isa = PBXBuildFile; fileRef = C56405B31F347AB8006ABE77 /* BB4.png */; };
		C56405D71F347AB8006ABE77 /* BB5.png in Resources */ = {isa = PBXBuildFile; fileRef = C56405B41F347AB8006ABE77 /* BB5.png */; };
		C56405D81F347AB8006ABE77 /* BB6.png in Resources */ = {isa = PBXBuildFile; fileRef = C56405B51F347AB8006ABE77 /* BB6.png */; };
		C56405D91F347AB8006ABE77 /* BB7.png in Resources */ = {isa = PBXBuildFile; fileRef = C56405B61F347AB8006ABE77 /* BB7.png */; };
		C56405DA1F347AB8006ABE77 /* BB8.png in Resources */ = {isa = PBXBuildFile; fileRef = C56405B71F347AB8006ABE77 /* BB8.png */; };
		C56405DB1F347AB8006ABE77 /* BB9.png in Resources */ = {isa = PBXBuildFile; fileRef = C56405B81F347AB8006ABE77 /* BB9.png */; };
		C56405DC1F347AB8006ABE77 /* BLEH.gif in Resources */ = {isa = PBXBuildFile; fileRef = C56405B91F347AB8006ABE77 /* BLEH.gif */; };
		C56405DD1F347AB8006ABE77 /* Default-568h@2x.png in Resources */ = {isa = PBXBuildFile; fileRef = C56405BA1F347AB8006ABE77 /* Default-568h@2x.png */; };
		C56405DE1F347AB8006ABE77 /* fdgdf.gif in Resources */ = {isa = PBXBuildFile; fileRef = C56405BB1F347AB8006ABE77 /* fdgdf.gif */; };
		C56405DF1F347AB8006ABE77 /* google-io.gif in Resources */ = {isa = PBXBuildFile; fileRef = C56405BC1F347AB8006ABE77 /* google-io.gif */; };
		C56405E01F347AB8006ABE77 /* google-io@2x.gif in Resources */ = {isa = PBXBuildFile; fileRef = C56405BD1F347AB8006ABE77 /* google-io@2x.gif */; };
		C56405E11F347AB8006ABE77 /* google-io@3x.gif in Resources */ = {isa = PBXBuildFile; fileRef = C56405BE1F347AB8006ABE77 /* google-io@3x.gif */; };
		C56405E21F347AB8006ABE77 /* notEven.gif in Resources */ = {isa = PBXBuildFile; fileRef = C56405BF1F347AB8006ABE77 /* notEven.gif */; };
		C582BF591F3859C4001CBEED /* suijiViewController.m in Sources */ = {isa = PBXBuildFile; fileRef = C582BF581F3859C4001CBEED /* suijiViewController.m */; };
		C582BF5C1F3859E4001CBEED /* CodeView.m in Sources */ = {isa = PBXBuildFile; fileRef = C582BF5B1F3859E4001CBEED /* CodeView.m */; };
		C59A1ACD1F39C60300240651 /* data.json in Resources */ = {isa = PBXBuildFile; fileRef = C59A1ACC1F39C60300240651 /* data.json */; };
		C5A718B91F3AEBBD00D0F693 /* BUttonViewController.m in Sources */ = {isa = PBXBuildFile; fileRef = C5A718B81F3AEBBD00D0F693 /* BUttonViewController.m */; };
		C5CA2A791F3D5A4100464844 /* LoadButton.m in Sources */ = {isa = PBXBuildFile; fileRef = C5CA2A781F3D5A4100464844 /* LoadButton.m */; };
		C5CA2A7E1F3D5B6F00464844 /* data.json in Resources */ = {isa = PBXBuildFile; fileRef = C5CA2A7B1F3D5B6F00464844 /* data.json */; };
		C5CA2A7F1F3D5B6F00464844 /* fengchedata.json in Resources */ = {isa = PBXBuildFile; fileRef = C5CA2A7C1F3D5B6F00464844 /* fengchedata.json */; };
		C5CA2A801F3D5B6F00464844 /* jiaxiaotongdata.json in Resources */ = {isa = PBXBuildFile; fileRef = C5CA2A7D1F3D5B6F00464844 /* jiaxiaotongdata.json */; };
/* End PBXBuildFile section */

/* Begin PBXContainerItemProxy section */
		C518E0BB1F330FD100F13113 /* PBXContainerItemProxy */ = {
			isa = PBXContainerItemProxy;
			containerPortal = C518E0991F330FD100F13113 /* Project object */;
			proxyType = 1;
			remoteGlobalIDString = C518E0A01F330FD100F13113;
			remoteInfo = Pic;
		};
		C518E0C61F330FD100F13113 /* PBXContainerItemProxy */ = {
			isa = PBXContainerItemProxy;
			containerPortal = C518E0991F330FD100F13113 /* Project object */;
			proxyType = 1;
			remoteGlobalIDString = C518E0A01F330FD100F13113;
			remoteInfo = Pic;
		};
/* End PBXContainerItemProxy section */

/* Begin PBXFileReference section */
		078D253414A399E8B9D3DDFD /* Pods-Pic.debug.xcconfig */ = {isa = PBXFileReference; includeInIndex = 1; lastKnownFileType = text.xcconfig; name = "Pods-Pic.debug.xcconfig"; path = "Pods/Target Support Files/Pods-Pic/Pods-Pic.debug.xcconfig"; sourceTree = "<group>"; };
		4646731838A3534CA61E927D /* libPods-Pic.a */ = {isa = PBXFileReference; explicitFileType = archive.ar; includeInIndex = 0; path = "libPods-Pic.a"; sourceTree = BUILT_PRODUCTS_DIR; };
		84B3872244D668D65C7DFA25 /* Pods-Pic.release.xcconfig */ = {isa = PBXFileReference; includeInIndex = 1; lastKnownFileType = text.xcconfig; name = "Pods-Pic.release.xcconfig"; path = "Pods/Target Support Files/Pods-Pic/Pods-Pic.release.xcconfig"; sourceTree = "<group>"; };
		C518E0A11F330FD100F13113 /* Pic.app */ = {isa = PBXFileReference; explicitFileType = wrapper.application; includeInIndex = 0; path = Pic.app; sourceTree = BUILT_PRODUCTS_DIR; };
		C518E0A51F330FD100F13113 /* main.m */ = {isa = PBXFileReference; lastKnownFileType = sourcecode.c.objc; path = main.m; sourceTree = "<group>"; };
		C518E0A71F330FD100F13113 /* AppDelegate.h */ = {isa = PBXFileReference; lastKnownFileType = sourcecode.c.h; path = AppDelegate.h; sourceTree = "<group>"; };
		C518E0A81F330FD100F13113 /* AppDelegate.m */ = {isa = PBXFileReference; lastKnownFileType = sourcecode.c.objc; path = AppDelegate.m; sourceTree = "<group>"; };
		C518E0AA1F330FD100F13113 /* ViewController.h */ = {isa = PBXFileReference; lastKnownFileType = sourcecode.c.h; path = ViewController.h; sourceTree = "<group>"; };
		C518E0AB1F330FD100F13113 /* ViewController.m */ = {isa = PBXFileReference; lastKnownFileType = sourcecode.c.objc; path = ViewController.m; sourceTree = "<group>"; };
		C518E0AE1F330FD100F13113 /* Base */ = {isa = PBXFileReference; lastKnownFileType = file.storyboard; name = Base; path = Base.lproj/Main.storyboard; sourceTree = "<group>"; };
		C518E0B01F330FD100F13113 /* Assets.xcassets */ = {isa = PBXFileReference; lastKnownFileType = folder.assetcatalog; path = Assets.xcassets; sourceTree = "<group>"; };
		C518E0B31F330FD100F13113 /* Base */ = {isa = PBXFileReference; lastKnownFileType = file.storyboard; name = Base; path = Base.lproj/LaunchScreen.storyboard; sourceTree = "<group>"; };
		C518E0B51F330FD100F13113 /* Info.plist */ = {isa = PBXFileReference; lastKnownFileType = text.plist.xml; path = Info.plist; sourceTree = "<group>"; };
		C518E0BA1F330FD100F13113 /* PicTests.xctest */ = {isa = PBXFileReference; explicitFileType = wrapper.cfbundle; includeInIndex = 0; path = PicTests.xctest; sourceTree = BUILT_PRODUCTS_DIR; };
		C518E0BE1F330FD100F13113 /* PicTests.m */ = {isa = PBXFileReference; lastKnownFileType = sourcecode.c.objc; path = PicTests.m; sourceTree = "<group>"; };
		C518E0C01F330FD100F13113 /* Info.plist */ = {isa = PBXFileReference; lastKnownFileType = text.plist.xml; path = Info.plist; sourceTree = "<group>"; };
		C518E0C51F330FD100F13113 /* PicUITests.xctest */ = {isa = PBXFileReference; explicitFileType = wrapper.cfbundle; includeInIndex = 0; path = PicUITests.xctest; sourceTree = BUILT_PRODUCTS_DIR; };
		C518E0C91F330FD100F13113 /* PicUITests.m */ = {isa = PBXFileReference; lastKnownFileType = sourcecode.c.objc; path = PicUITests.m; sourceTree = "<group>"; };
		C518E0CB1F330FD100F13113 /* Info.plist */ = {isa = PBXFileReference; lastKnownFileType = text.plist.xml; path = Info.plist; sourceTree = "<group>"; };
		C559A7671F382C230066F1EE /* HWWaveView.h */ = {isa = PBXFileReference; fileEncoding = 4; lastKnownFileType = sourcecode.c.h; path = HWWaveView.h; sourceTree = "<group>"; };
		C559A7681F382C230066F1EE /* HWWaveView.m */ = {isa = PBXFileReference; fileEncoding = 4; lastKnownFileType = sourcecode.c.objc; path = HWWaveView.m; sourceTree = "<group>"; };
		C559A7701F382C630066F1EE /* HWWaveViewController.h */ = {isa = PBXFileReference; fileEncoding = 4; lastKnownFileType = sourcecode.c.h; path = HWWaveViewController.h; sourceTree = "<group>"; };
		C559A7711F382C630066F1EE /* HWWaveViewController.m */ = {isa = PBXFileReference; fileEncoding = 4; lastKnownFileType = sourcecode.c.objc; path = HWWaveViewController.m; sourceTree = "<group>"; };
		C564058D1F346C75006ABE77 /* PictureScanView.h */ = {isa = PBXFileReference; fileEncoding = 4; lastKnownFileType = sourcecode.c.h; path = PictureScanView.h; sourceTree = "<group>"; };
		C564058E1F346C75006ABE77 /* PictureScanView.m */ = {isa = PBXFileReference; fileEncoding = 4; lastKnownFileType = sourcecode.c.objc; path = PictureScanView.m; sourceTree = "<group>"; };
		C56405901F346E07006ABE77 /* PrefixHeader.pch */ = {isa = PBXFileReference; fileEncoding = 4; lastKnownFileType = sourcecode.c.h; path = PrefixHeader.pch; sourceTree = "<group>"; };
		C56405911F346F3F006ABE77 /* PictureViewController.h */ = {isa = PBXFileReference; fileEncoding = 4; lastKnownFileType = sourcecode.c.h; path = PictureViewController.h; sourceTree = "<group>"; };
		C56405921F346F3F006ABE77 /* PictureViewController.m */ = {isa = PBXFileReference; fileEncoding = 4; lastKnownFileType = sourcecode.c.objc; path = PictureViewController.m; sourceTree = "<group>"; };
		C56405951F346F91006ABE77 /* GifViewController.h */ = {isa = PBXFileReference; fileEncoding = 4; lastKnownFileType = sourcecode.c.h; path = GifViewController.h; sourceTree = "<group>"; };
		C56405961F346F91006ABE77 /* GifViewController.m */ = {isa = PBXFileReference; fileEncoding = 4; lastKnownFileType = sourcecode.c.objc; path = GifViewController.m; sourceTree = "<group>"; };
		C564059D1F347AB7006ABE77 /* 1.gif */ = {isa = PBXFileReference; lastKnownFileType = image.gif; path = 1.gif; sourceTree = "<group>"; };
		C564059E1F347AB7006ABE77 /* 10.gif */ = {isa = PBXFileReference; lastKnownFileType = image.gif; path = 10.gif; sourceTree = "<group>"; };
		C564059F1F347AB7006ABE77 /* 2.gif */ = {isa = PBXFileReference; lastKnownFileType = image.gif; path = 2.gif; sourceTree = "<group>"; };
		C56405A01F347AB7006ABE77 /* 3.gif */ = {isa = PBXFileReference; lastKnownFileType = image.gif; path = 3.gif; sourceTree = "<group>"; };
		C56405A11F347AB7006ABE77 /* 4.gif */ = {isa = PBXFileReference; lastKnownFileType = image.gif; path = 4.gif; sourceTree = "<group>"; };
		C56405A21F347AB8006ABE77 /* 5.gif */ = {isa = PBXFileReference; lastKnownFileType = image.gif; path = 5.gif; sourceTree = "<group>"; };
		C56405A31F347AB8006ABE77 /* 6.gif */ = {isa = PBXFileReference; lastKnownFileType = image.gif; path = 6.gif; sourceTree = "<group>"; };
		C56405A41F347AB8006ABE77 /* 7.gif */ = {isa = PBXFileReference; lastKnownFileType = image.gif; path = 7.gif; sourceTree = "<group>"; };
		C56405A51F347AB8006ABE77 /* 8.gif */ = {isa = PBXFileReference; lastKnownFileType = image.gif; path = 8.gif; sourceTree = "<group>"; };
		C56405A61F347AB8006ABE77 /* 9.gif */ = {isa = PBXFileReference; lastKnownFileType = image.gif; path = 9.gif; sourceTree = "<group>"; };
		C56405A71F347AB8006ABE77 /* AA.gif */ = {isa = PBXFileReference; lastKnownFileType = image.gif; path = AA.gif; sourceTree = "<group>"; };
		C56405A81F347AB8006ABE77 /* BB0.png */ = {isa = PBXFileReference; lastKnownFileType = image.png; path = BB0.png; sourceTree = "<group>"; };
		C56405A91F347AB8006ABE77 /* BB1.png */ = {isa = PBXFileReference; lastKnownFileType = image.png; path = BB1.png; sourceTree = "<group>"; };
		C56405AA1F347AB8006ABE77 /* BB10.png */ = {isa = PBXFileReference; lastKnownFileType = image.png; path = BB10.png; sourceTree = "<group>"; };
		C56405AB1F347AB8006ABE77 /* BB11.png */ = {isa = PBXFileReference; lastKnownFileType = image.png; path = BB11.png; sourceTree = "<group>"; };
		C56405AC1F347AB8006ABE77 /* BB12.png */ = {isa = PBXFileReference; lastKnownFileType = image.png; path = BB12.png; sourceTree = "<group>"; };
		C56405AD1F347AB8006ABE77 /* BB13.png */ = {isa = PBXFileReference; lastKnownFileType = image.png; path = BB13.png; sourceTree = "<group>"; };
		C56405AE1F347AB8006ABE77 /* BB14.png */ = {isa = PBXFileReference; lastKnownFileType = image.png; path = BB14.png; sourceTree = "<group>"; };
		C56405AF1F347AB8006ABE77 /* BB15.png */ = {isa = PBXFileReference; lastKnownFileType = image.png; path = BB15.png; sourceTree = "<group>"; };
		C56405B01F347AB8006ABE77 /* BB16.png */ = {isa = PBXFileReference; lastKnownFileType = image.png; path = BB16.png; sourceTree = "<group>"; };
		C56405B11F347AB8006ABE77 /* BB2.png */ = {isa = PBXFileReference; lastKnownFileType = image.png; path = BB2.png; sourceTree = "<group>"; };
		C56405B21F347AB8006ABE77 /* BB3.png */ = {isa = PBXFileReference; lastKnownFileType = image.png; path = BB3.png; sourceTree = "<group>"; };
		C56405B31F347AB8006ABE77 /* BB4.png */ = {isa = PBXFileReference; lastKnownFileType = image.png; path = BB4.png; sourceTree = "<group>"; };
		C56405B41F347AB8006ABE77 /* BB5.png */ = {isa = PBXFileReference; lastKnownFileType = image.png; path = BB5.png; sourceTree = "<group>"; };
		C56405B51F347AB8006ABE77 /* BB6.png */ = {isa = PBXFileReference; lastKnownFileType = image.png; path = BB6.png; sourceTree = "<group>"; };
		C56405B61F347AB8006ABE77 /* BB7.png */ = {isa = PBXFileReference; lastKnownFileType = image.png; path = BB7.png; sourceTree = "<group>"; };
		C56405B71F347AB8006ABE77 /* BB8.png */ = {isa = PBXFileReference; lastKnownFileType = image.png; path = BB8.png; sourceTree = "<group>"; };
		C56405B81F347AB8006ABE77 /* BB9.png */ = {isa = PBXFileReference; lastKnownFileType = image.png; path = BB9.png; sourceTree = "<group>"; };
		C56405B91F347AB8006ABE77 /* BLEH.gif */ = {isa = PBXFileReference; lastKnownFileType = image.gif; path = BLEH.gif; sourceTree = "<group>"; };
		C56405BA1F347AB8006ABE77 /* Default-568h@2x.png */ = {isa = PBXFileReference; lastKnownFileType = image.png; path = "Default-568h@2x.png"; sourceTree = "<group>"; };
		C56405BB1F347AB8006ABE77 /* fdgdf.gif */ = {isa = PBXFileReference; lastKnownFileType = image.gif; path = fdgdf.gif; sourceTree = "<group>"; };
		C56405BC1F347AB8006ABE77 /* google-io.gif */ = {isa = PBXFileReference; lastKnownFileType = image.gif; path = "google-io.gif"; sourceTree = "<group>"; };
		C56405BD1F347AB8006ABE77 /* google-io@2x.gif */ = {isa = PBXFileReference; lastKnownFileType = image.gif; path = "google-io@2x.gif"; sourceTree = "<group>"; };
		C56405BE1F347AB8006ABE77 /* google-io@3x.gif */ = {isa = PBXFileReference; lastKnownFileType = image.gif; path = "google-io@3x.gif"; sourceTree = "<group>"; };
		C56405BF1F347AB8006ABE77 /* notEven.gif */ = {isa = PBXFileReference; lastKnownFileType = image.gif; path = notEven.gif; sourceTree = "<group>"; };
		C582BF571F3859C4001CBEED /* suijiViewController.h */ = {isa = PBXFileReference; fileEncoding = 4; lastKnownFileType = sourcecode.c.h; path = suijiViewController.h; sourceTree = "<group>"; };
		C582BF581F3859C4001CBEED /* suijiViewController.m */ = {isa = PBXFileReference; fileEncoding = 4; lastKnownFileType = sourcecode.c.objc; path = suijiViewController.m; sourceTree = "<group>"; };
		C582BF5A1F3859E4001CBEED /* CodeView.h */ = {isa = PBXFileReference; fileEncoding = 4; lastKnownFileType = sourcecode.c.h; path = CodeView.h; sourceTree = "<group>"; };
		C582BF5B1F3859E4001CBEED /* CodeView.m */ = {isa = PBXFileReference; fileEncoding = 4; lastKnownFileType = sourcecode.c.objc; path = CodeView.m; sourceTree = "<group>"; };
		C59A1ACC1F39C60300240651 /* data.json */ = {isa = PBXFileReference; fileEncoding = 4; lastKnownFileType = text.json; path = data.json; sourceTree = "<group>"; };
		C5A718B71F3AEBBD00D0F693 /* BUttonViewController.h */ = {isa = PBXFileReference; fileEncoding = 4; lastKnownFileType = sourcecode.c.h; path = BUttonViewController.h; sourceTree = "<group>"; };
		C5A718B81F3AEBBD00D0F693 /* BUttonViewController.m */ = {isa = PBXFileReference; fileEncoding = 4; lastKnownFileType = sourcecode.c.objc; path = BUttonViewController.m; sourceTree = "<group>"; };
		C5CA2A771F3D5A4100464844 /* LoadButton.h */ = {isa = PBXFileReference; fileEncoding = 4; lastKnownFileType = sourcecode.c.h; path = LoadButton.h; sourceTree = "<group>"; };
		C5CA2A781F3D5A4100464844 /* LoadButton.m */ = {isa = PBXFileReference; fileEncoding = 4; lastKnownFileType = sourcecode.c.objc; path = LoadButton.m; sourceTree = "<group>"; };
		C5CA2A7B1F3D5B6F00464844 /* data.json */ = {isa = PBXFileReference; fileEncoding = 4; lastKnownFileType = text.json; path = data.json; sourceTree = "<group>"; };
		C5CA2A7C1F3D5B6F00464844 /* fengchedata.json */ = {isa = PBXFileReference; fileEncoding = 4; lastKnownFileType = text.json; path = fengchedata.json; sourceTree = "<group>"; };
		C5CA2A7D1F3D5B6F00464844 /* jiaxiaotongdata.json */ = {isa = PBXFileReference; fileEncoding = 4; lastKnownFileType = text.json; path = jiaxiaotongdata.json; sourceTree = "<group>"; };
/* End PBXFileReference section */

/* Begin PBXFrameworksBuildPhase section */
		C518E09E1F330FD100F13113 /* Frameworks */ = {
			isa = PBXFrameworksBuildPhase;
			buildActionMask = 2147483647;
			files = (
				A5BBC280EA7BA123D42EAD25 /* libPods-Pic.a in Frameworks */,
			);
			runOnlyForDeploymentPostprocessing = 0;
		};
		C518E0B71F330FD100F13113 /* Frameworks */ = {
			isa = PBXFrameworksBuildPhase;
			buildActionMask = 2147483647;
			files = (
			);
			runOnlyForDeploymentPostprocessing = 0;
		};
		C518E0C21F330FD100F13113 /* Frameworks */ = {
			isa = PBXFrameworksBuildPhase;
			buildActionMask = 2147483647;
			files = (
			);
			runOnlyForDeploymentPostprocessing = 0;
		};
/* End PBXFrameworksBuildPhase section */

/* Begin PBXGroup section */
		31FF7D89D985623B54186F34 /* Pods */ = {
			isa = PBXGroup;
			children = (
				078D253414A399E8B9D3DDFD /* Pods-Pic.debug.xcconfig */,
				84B3872244D668D65C7DFA25 /* Pods-Pic.release.xcconfig */,
			);
			name = Pods;
			sourceTree = "<group>";
		};
		C518E0981F330FD100F13113 = {
			isa = PBXGroup;
			children = (
				C518E0A31F330FD100F13113 /* Pic */,
				C518E0BD1F330FD100F13113 /* PicTests */,
				C518E0C81F330FD100F13113 /* PicUITests */,
				C518E0A21F330FD100F13113 /* Products */,
				31FF7D89D985623B54186F34 /* Pods */,
				E0A2E835193A82AA457766A7 /* Frameworks */,
			);
			sourceTree = "<group>";
		};
		C518E0A21F330FD100F13113 /* Products */ = {
			isa = PBXGroup;
			children = (
				C518E0A11F330FD100F13113 /* Pic.app */,
				C518E0BA1F330FD100F13113 /* PicTests.xctest */,
				C518E0C51F330FD100F13113 /* PicUITests.xctest */,
			);
			name = Products;
			sourceTree = "<group>";
		};
		C518E0A31F330FD100F13113 /* Pic */ = {
			isa = PBXGroup;
			children = (
				C5A718B21F3AC11200D0F693 /* 登录按钮动画 */,
				C582BF561F3858E0001CBEED /* 随机验证码 */,
				C559A7661F382C230066F1EE /* AnimationEffectView */,
				C564059B1F347AAC006ABE77 /* Resource */,
				C56405941F346F80006ABE77 /* GIF */,
				C564058C1F346C75006ABE77 /* PictureScanView */,
				C518E0A71F330FD100F13113 /* AppDelegate.h */,
				C518E0A81F330FD100F13113 /* AppDelegate.m */,
				C518E0AA1F330FD100F13113 /* ViewController.h */,
				C518E0AB1F330FD100F13113 /* ViewController.m */,
				C518E0AD1F330FD100F13113 /* Main.storyboard */,
				C518E0B01F330FD100F13113 /* Assets.xcassets */,
				C518E0B21F330FD100F13113 /* LaunchScreen.storyboard */,
				C518E0B51F330FD100F13113 /* Info.plist */,
				C518E0A41F330FD100F13113 /* Supporting Files */,
			);
			path = Pic;
			sourceTree = "<group>";
		};
		C518E0A41F330FD100F13113 /* Supporting Files */ = {
			isa = PBXGroup;
			children = (
				C518E0A51F330FD100F13113 /* main.m */,
				C56405901F346E07006ABE77 /* PrefixHeader.pch */,
			);
			name = "Supporting Files";
			sourceTree = "<group>";
		};
		C518E0BD1F330FD100F13113 /* PicTests */ = {
			isa = PBXGroup;
			children = (
				C518E0BE1F330FD100F13113 /* PicTests.m */,
				C518E0C01F330FD100F13113 /* Info.plist */,
			);
			path = PicTests;
			sourceTree = "<group>";
		};
		C518E0C81F330FD100F13113 /* PicUITests */ = {
			isa = PBXGroup;
			children = (
				C518E0C91F330FD100F13113 /* PicUITests.m */,
				C518E0CB1F330FD100F13113 /* Info.plist */,
			);
			path = PicUITests;
			sourceTree = "<group>";
		};
		C559A7661F382C230066F1EE /* AnimationEffectView */ = {
			isa = PBXGroup;
			children = (
				C559A7671F382C230066F1EE /* HWWaveView.h */,
				C559A7681F382C230066F1EE /* HWWaveView.m */,
				C559A7701F382C630066F1EE /* HWWaveViewController.h */,
				C559A7711F382C630066F1EE /* HWWaveViewController.m */,
			);
			path = AnimationEffectView;
			sourceTree = "<group>";
		};
		C564058C1F346C75006ABE77 /* PictureScanView */ = {
			isa = PBXGroup;
			children = (
				C564058D1F346C75006ABE77 /* PictureScanView.h */,
				C564058E1F346C75006ABE77 /* PictureScanView.m */,
				C56405911F346F3F006ABE77 /* PictureViewController.h */,
				C56405921F346F3F006ABE77 /* PictureViewController.m */,
			);
			path = PictureScanView;
			sourceTree = "<group>";
		};
		C56405941F346F80006ABE77 /* GIF */ = {
			isa = PBXGroup;
			children = (
				C5CA2A7A1F3D5B6F00464844 /* DataJson */,
				C56405951F346F91006ABE77 /* GifViewController.h */,
				C56405961F346F91006ABE77 /* GifViewController.m */,
			);
			path = GIF;
			sourceTree = "<group>";
		};
		C564059B1F347AAC006ABE77 /* Resource */ = {
			isa = PBXGroup;
			children = (
				C59A1ACC1F39C60300240651 /* data.json */,
				C564059C1F347AB7006ABE77 /* Images */,
			);
			path = Resource;
			sourceTree = "<group>";
		};
		C564059C1F347AB7006ABE77 /* Images */ = {
			isa = PBXGroup;
			children = (
				C564059D1F347AB7006ABE77 /* 1.gif */,
				C564059E1F347AB7006ABE77 /* 10.gif */,
				C564059F1F347AB7006ABE77 /* 2.gif */,
				C56405A01F347AB7006ABE77 /* 3.gif */,
				C56405A11F347AB7006ABE77 /* 4.gif */,
				C56405A21F347AB8006ABE77 /* 5.gif */,
				C56405A31F347AB8006ABE77 /* 6.gif */,
				C56405A41F347AB8006ABE77 /* 7.gif */,
				C56405A51F347AB8006ABE77 /* 8.gif */,
				C56405A61F347AB8006ABE77 /* 9.gif */,
				C56405A71F347AB8006ABE77 /* AA.gif */,
				C56405A81F347AB8006ABE77 /* BB0.png */,
				C56405A91F347AB8006ABE77 /* BB1.png */,
				C56405AA1F347AB8006ABE77 /* BB10.png */,
				C56405AB1F347AB8006ABE77 /* BB11.png */,
				C56405AC1F347AB8006ABE77 /* BB12.png */,
				C56405AD1F347AB8006ABE77 /* BB13.png */,
				C56405AE1F347AB8006ABE77 /* BB14.png */,
				C56405AF1F347AB8006ABE77 /* BB15.png */,
				C56405B01F347AB8006ABE77 /* BB16.png */,
				C56405B11F347AB8006ABE77 /* BB2.png */,
				C56405B21F347AB8006ABE77 /* BB3.png */,
				C56405B31F347AB8006ABE77 /* BB4.png */,
				C56405B41F347AB8006ABE77 /* BB5.png */,
				C56405B51F347AB8006ABE77 /* BB6.png */,
				C56405B61F347AB8006ABE77 /* BB7.png */,
				C56405B71F347AB8006ABE77 /* BB8.png */,
				C56405B81F347AB8006ABE77 /* BB9.png */,
				C56405B91F347AB8006ABE77 /* BLEH.gif */,
				C56405BA1F347AB8006ABE77 /* Default-568h@2x.png */,
				C56405BB1F347AB8006ABE77 /* fdgdf.gif */,
				C56405BC1F347AB8006ABE77 /* google-io.gif */,
				C56405BD1F347AB8006ABE77 /* google-io@2x.gif */,
				C56405BE1F347AB8006ABE77 /* google-io@3x.gif */,
				C56405BF1F347AB8006ABE77 /* notEven.gif */,
			);
			path = Images;
			sourceTree = "<group>";
		};
		C582BF561F3858E0001CBEED /* 随机验证码 */ = {
			isa = PBXGroup;
			children = (
				C582BF571F3859C4001CBEED /* suijiViewController.h */,
				C582BF581F3859C4001CBEED /* suijiViewController.m */,
				C582BF5A1F3859E4001CBEED /* CodeView.h */,
				C582BF5B1F3859E4001CBEED /* CodeView.m */,
			);
			path = "随机验证码";
			sourceTree = "<group>";
		};
		C5A718B21F3AC11200D0F693 /* 登录按钮动画 */ = {
			isa = PBXGroup;
			children = (
				C5CA2A761F3D5A4100464844 /* LoadButton */,
				C5A718B71F3AEBBD00D0F693 /* BUttonViewController.h */,
				C5A718B81F3AEBBD00D0F693 /* BUttonViewController.m */,
			);
			name = "登录按钮动画";
			path = "点击按钮弹出子菜单选择二";
			sourceTree = "<group>";
		};
		C5CA2A761F3D5A4100464844 /* LoadButton */ = {
			isa = PBXGroup;
			children = (
				C5CA2A771F3D5A4100464844 /* LoadButton.h */,
				C5CA2A781F3D5A4100464844 /* LoadButton.m */,
			);
			path = LoadButton;
			sourceTree = "<group>";
		};
		C5CA2A7A1F3D5B6F00464844 /* DataJson */ = {
			isa = PBXGroup;
			children = (
				C5CA2A7B1F3D5B6F00464844 /* data.json */,
				C5CA2A7C1F3D5B6F00464844 /* fengchedata.json */,
				C5CA2A7D1F3D5B6F00464844 /* jiaxiaotongdata.json */,
			);
			path = DataJson;
			sourceTree = "<group>";
		};
		E0A2E835193A82AA457766A7 /* Frameworks */ = {
			isa = PBXGroup;
			children = (
				4646731838A3534CA61E927D /* libPods-Pic.a */,
			);
			name = Frameworks;
			sourceTree = "<group>";
		};
/* End PBXGroup section */

/* Begin PBXNativeTarget section */
		C518E0A01F330FD100F13113 /* Pic */ = {
			isa = PBXNativeTarget;
			buildConfigurationList = C518E0CE1F330FD100F13113 /* Build configuration list for PBXNativeTarget "Pic" */;
			buildPhases = (
				231223BA9909C22A3E4ABB1F /* [CP] Check Pods Manifest.lock */,
				C518E09D1F330FD100F13113 /* Sources */,
				C518E09E1F330FD100F13113 /* Frameworks */,
				C518E09F1F330FD100F13113 /* Resources */,
				2D9758246E74501BF5C11472 /* [CP] Embed Pods Frameworks */,
				5267D545AC14DA69EDCBA978 /* [CP] Copy Pods Resources */,
			);
			buildRules = (
			);
			dependencies = (
			);
			name = Pic;
			productName = Pic;
			productReference = C518E0A11F330FD100F13113 /* Pic.app */;
			productType = "com.apple.product-type.application";
		};
		C518E0B91F330FD100F13113 /* PicTests */ = {
			isa = PBXNativeTarget;
			buildConfigurationList = C518E0D11F330FD100F13113 /* Build configuration list for PBXNativeTarget "PicTests" */;
			buildPhases = (
				C518E0B61F330FD100F13113 /* Sources */,
				C518E0B71F330FD100F13113 /* Frameworks */,
				C518E0B81F330FD100F13113 /* Resources */,
			);
			buildRules = (
			);
			dependencies = (
				C518E0BC1F330FD100F13113 /* PBXTargetDependency */,
			);
			name = PicTests;
			productName = PicTests;
			productReference = C518E0BA1F330FD100F13113 /* PicTests.xctest */;
			productType = "com.apple.product-type.bundle.unit-test";
		};
		C518E0C41F330FD100F13113 /* PicUITests */ = {
			isa = PBXNativeTarget;
			buildConfigurationList = C518E0D41F330FD100F13113 /* Build configuration list for PBXNativeTarget "PicUITests" */;
			buildPhases = (
				C518E0C11F330FD100F13113 /* Sources */,
				C518E0C21F330FD100F13113 /* Frameworks */,
				C518E0C31F330FD100F13113 /* Resources */,
			);
			buildRules = (
			);
			dependencies = (
				C518E0C71F330FD100F13113 /* PBXTargetDependency */,
			);
			name = PicUITests;
			productName = PicUITests;
			productReference = C518E0C51F330FD100F13113 /* PicUITests.xctest */;
			productType = "com.apple.product-type.bundle.ui-testing";
		};
/* End PBXNativeTarget section */

/* Begin PBXProject section */
		C518E0991F330FD100F13113 /* Project object */ = {
			isa = PBXProject;
			attributes = {
				LastUpgradeCheck = 0830;
				ORGANIZATIONNAME = "沈增光";
				TargetAttributes = {
					C518E0A01F330FD100F13113 = {
						CreatedOnToolsVersion = 8.3.3;
						ProvisioningStyle = Automatic;
					};
					C518E0B91F330FD100F13113 = {
						CreatedOnToolsVersion = 8.3.3;
						ProvisioningStyle = Automatic;
						TestTargetID = C518E0A01F330FD100F13113;
					};
					C518E0C41F330FD100F13113 = {
						CreatedOnToolsVersion = 8.3.3;
						ProvisioningStyle = Automatic;
						TestTargetID = C518E0A01F330FD100F13113;
					};
				};
			};
			buildConfigurationList = C518E09C1F330FD100F13113 /* Build configuration list for PBXProject "Pic" */;
			compatibilityVersion = "Xcode 3.2";
			developmentRegion = English;
			hasScannedForEncodings = 0;
			knownRegions = (
				en,
				Base,
			);
			mainGroup = C518E0981F330FD100F13113;
			productRefGroup = C518E0A21F330FD100F13113 /* Products */;
			projectDirPath = "";
			projectRoot = "";
			targets = (
				C518E0A01F330FD100F13113 /* Pic */,
				C518E0B91F330FD100F13113 /* PicTests */,
				C518E0C41F330FD100F13113 /* PicUITests */,
			);
		};
/* End PBXProject section */

/* Begin PBXResourcesBuildPhase section */
		C518E09F1F330FD100F13113 /* Resources */ = {
			isa = PBXResourcesBuildPhase;
			buildActionMask = 2147483647;
			files = (
				C56405D41F347AB8006ABE77 /* BB2.png in Resources */,
				C56405D11F347AB8006ABE77 /* BB14.png in Resources */,
				C56405CD1F347AB8006ABE77 /* BB10.png in Resources */,
				C5CA2A7E1F3D5B6F00464844 /* data.json in Resources */,
				C56405C71F347AB8006ABE77 /* 7.gif in Resources */,
				C56405D81F347AB8006ABE77 /* BB6.png in Resources */,
				C56405C11F347AB8006ABE77 /* 10.gif in Resources */,
				C518E0B41F330FD100F13113 /* LaunchScreen.storyboard in Resources */,
				C56405DC1F347AB8006ABE77 /* BLEH.gif in Resources */,
				C56405C91F347AB8006ABE77 /* 9.gif in Resources */,
				C518E0B11F330FD100F13113 /* Assets.xcassets in Resources */,
				C56405C61F347AB8006ABE77 /* 6.gif in Resources */,
				C56405D01F347AB8006ABE77 /* BB13.png in Resources */,
				C56405CA1F347AB8006ABE77 /* AA.gif in Resources */,
				C56405E11F347AB8006ABE77 /* google-io@3x.gif in Resources */,
				C56405C51F347AB8006ABE77 /* 5.gif in Resources */,
				C56405DB1F347AB8006ABE77 /* BB9.png in Resources */,
				C59A1ACD1F39C60300240651 /* data.json in Resources */,
				C56405D91F347AB8006ABE77 /* BB7.png in Resources */,
				C56405CE1F347AB8006ABE77 /* BB11.png in Resources */,
				C56405E21F347AB8006ABE77 /* notEven.gif in Resources */,
				C56405CF1F347AB8006ABE77 /* BB12.png in Resources */,
				C56405D51F347AB8006ABE77 /* BB3.png in Resources */,
				C56405C31F347AB8006ABE77 /* 3.gif in Resources */,
				C56405E01F347AB8006ABE77 /* google-io@2x.gif in Resources */,
				C56405C21F347AB8006ABE77 /* 2.gif in Resources */,
				C56405C41F347AB8006ABE77 /* 4.gif in Resources */,
				C56405C81F347AB8006ABE77 /* 8.gif in Resources */,
				C56405DD1F347AB8006ABE77 /* Default-568h@2x.png in Resources */,
				C56405D21F347AB8006ABE77 /* BB15.png in Resources */,
				C56405CB1F347AB8006ABE77 /* BB0.png in Resources */,
				C56405DE1F347AB8006ABE77 /* fdgdf.gif in Resources */,
				C56405D71F347AB8006ABE77 /* BB5.png in Resources */,
				C5CA2A801F3D5B6F00464844 /* jiaxiaotongdata.json in Resources */,
				C56405DA1F347AB8006ABE77 /* BB8.png in Resources */,
				C56405C01F347AB8006ABE77 /* 1.gif in Resources */,
				C56405D31F347AB8006ABE77 /* BB16.png in Resources */,
				C518E0AF1F330FD100F13113 /* Main.storyboard in Resources */,
				C56405D61F347AB8006ABE77 /* BB4.png in Resources */,
				C56405DF1F347AB8006ABE77 /* google-io.gif in Resources */,
				C5CA2A7F1F3D5B6F00464844 /* fengchedata.json in Resources */,
				C56405CC1F347AB8006ABE77 /* BB1.png in Resources */,
			);
			runOnlyForDeploymentPostprocessing = 0;
		};
		C518E0B81F330FD100F13113 /* Resources */ = {
			isa = PBXResourcesBuildPhase;
			buildActionMask = 2147483647;
			files = (
			);
			runOnlyForDeploymentPostprocessing = 0;
		};
		C518E0C31F330FD100F13113 /* Resources */ = {
			isa = PBXResourcesBuildPhase;
			buildActionMask = 2147483647;
			files = (
			);
			runOnlyForDeploymentPostprocessing = 0;
		};
/* End PBXResourcesBuildPhase section */

/* Begin PBXShellScriptBuildPhase section */
		231223BA9909C22A3E4ABB1F /* [CP] Check Pods Manifest.lock */ = {
			isa = PBXShellScriptBuildPhase;
			buildActionMask = 2147483647;
			files = (
			);
			inputPaths = (
			);
			name = "[CP] Check Pods Manifest.lock";
			outputPaths = (
			);
			runOnlyForDeploymentPostprocessing = 0;
			shellPath = /bin/sh;
			shellScript = "diff \"${PODS_PODFILE_DIR_PATH}/Podfile.lock\" \"${PODS_ROOT}/Manifest.lock\" > /dev/null\nif [ $? != 0 ] ; then\n    # print error to STDERR\n    echo \"error: The sandbox is not in sync with the Podfile.lock. Run 'pod install' or update your CocoaPods installation.\" >&2\n    exit 1\nfi\n";
			showEnvVarsInLog = 0;
		};
		2D9758246E74501BF5C11472 /* [CP] Embed Pods Frameworks */ = {
			isa = PBXShellScriptBuildPhase;
			buildActionMask = 2147483647;
			files = (
			);
			inputPaths = (
			);
			name = "[CP] Embed Pods Frameworks";
			outputPaths = (
			);
			runOnlyForDeploymentPostprocessing = 0;
			shellPath = /bin/sh;
			shellScript = "\"${SRCROOT}/Pods/Target Support Files/Pods-Pic/Pods-Pic-frameworks.sh\"\n";
			showEnvVarsInLog = 0;
		};
		5267D545AC14DA69EDCBA978 /* [CP] Copy Pods Resources */ = {
			isa = PBXShellScriptBuildPhase;
			buildActionMask = 2147483647;
			files = (
			);
			inputPaths = (
			);
			name = "[CP] Copy Pods Resources";
			outputPaths = (
			);
			runOnlyForDeploymentPostprocessing = 0;
			shellPath = /bin/sh;
			shellScript = "\"${SRCROOT}/Pods/Target Support Files/Pods-Pic/Pods-Pic-resources.sh\"\n";
			showEnvVarsInLog = 0;
		};
/* End PBXShellScriptBuildPhase section */

/* Begin PBXSourcesBuildPhase section */
		C518E09D1F330FD100F13113 /* Sources */ = {
			isa = PBXSourcesBuildPhase;
			buildActionMask = 2147483647;
			files = (
				C564058F1F346C75006ABE77 /* PictureScanView.m in Sources */,
				C56405931F346F3F006ABE77 /* PictureViewController.m in Sources */,
				C559A7721F382C630066F1EE /* HWWaveViewController.m in Sources */,
				C5CA2A791F3D5A4100464844 /* LoadButton.m in Sources */,
				C5A718B91F3AEBBD00D0F693 /* BUttonViewController.m in Sources */,
				C582BF591F3859C4001CBEED /* suijiViewController.m in Sources */,
				C559A7691F382C230066F1EE /* HWWaveView.m in Sources */,
				C518E0AC1F330FD100F13113 /* ViewController.m in Sources */,
				C56405971F346F91006ABE77 /* GifViewController.m in Sources */,
				C518E0A91F330FD100F13113 /* AppDelegate.m in Sources */,
				C518E0A61F330FD100F13113 /* main.m in Sources */,
				C582BF5C1F3859E4001CBEED /* CodeView.m in Sources */,
			);
			runOnlyForDeploymentPostprocessing = 0;
		};
		C518E0B61F330FD100F13113 /* Sources */ = {
			isa = PBXSourcesBuildPhase;
			buildActionMask = 2147483647;
			files = (
				C518E0BF1F330FD100F13113 /* PicTests.m in Sources */,
			);
			runOnlyForDeploymentPostprocessing = 0;
		};
		C518E0C11F330FD100F13113 /* Sources */ = {
			isa = PBXSourcesBuildPhase;
			buildActionMask = 2147483647;
			files = (
				C518E0CA1F330FD100F13113 /* PicUITests.m in Sources */,
			);
			runOnlyForDeploymentPostprocessing = 0;
		};
/* End PBXSourcesBuildPhase section */

/* Begin PBXTargetDependency section */
		C518E0BC1F330FD100F13113 /* PBXTargetDependency */ = {
			isa = PBXTargetDependency;
			target = C518E0A01F330FD100F13113 /* Pic */;
			targetProxy = C518E0BB1F330FD100F13113 /* PBXContainerItemProxy */;
		};
		C518E0C71F330FD100F13113 /* PBXTargetDependency */ = {
			isa = PBXTargetDependency;
			target = C518E0A01F330FD100F13113 /* Pic */;
			targetProxy = C518E0C61F330FD100F13113 /* PBXContainerItemProxy */;
		};
/* End PBXTargetDependency section */

/* Begin PBXVariantGroup section */
		C518E0AD1F330FD100F13113 /* Main.storyboard */ = {
			isa = PBXVariantGroup;
			children = (
				C518E0AE1F330FD100F13113 /* Base */,
			);
			name = Main.storyboard;
			sourceTree = "<group>";
		};
		C518E0B21F330FD100F13113 /* LaunchScreen.storyboard */ = {
			isa = PBXVariantGroup;
			children = (
				C518E0B31F330FD100F13113 /* Base */,
			);
			name = LaunchScreen.storyboard;
			sourceTree = "<group>";
		};
/* End PBXVariantGroup section */

/* Begin XCBuildConfiguration section */
		C518E0CC1F330FD100F13113 /* Debug */ = {
			isa = XCBuildConfiguration;
			buildSettings = {
				ALWAYS_SEARCH_USER_PATHS = NO;
				CLANG_ANALYZER_NONNULL = YES;
				CLANG_ANALYZER_NUMBER_OBJECT_CONVERSION = YES_AGGRESSIVE;
				CLANG_CXX_LANGUAGE_STANDARD = "gnu++0x";
				CLANG_CXX_LIBRARY = "libc++";
				CLANG_ENABLE_MODULES = YES;
				CLANG_ENABLE_OBJC_ARC = YES;
				CLANG_WARN_BOOL_CONVERSION = YES;
				CLANG_WARN_CONSTANT_CONVERSION = YES;
				CLANG_WARN_DIRECT_OBJC_ISA_USAGE = YES_ERROR;
				CLANG_WARN_DOCUMENTATION_COMMENTS = YES;
				CLANG_WARN_EMPTY_BODY = YES;
				CLANG_WARN_ENUM_CONVERSION = YES;
				CLANG_WARN_INFINITE_RECURSION = YES;
				CLANG_WARN_INT_CONVERSION = YES;
				CLANG_WARN_OBJC_ROOT_CLASS = YES_ERROR;
				CLANG_WARN_SUSPICIOUS_MOVE = YES;
				CLANG_WARN_UNREACHABLE_CODE = YES;
				CLANG_WARN__DUPLICATE_METHOD_MATCH = YES;
				"CODE_SIGN_IDENTITY[sdk=iphoneos*]" = "iPhone Developer";
				COPY_PHASE_STRIP = NO;
				DEBUG_INFORMATION_FORMAT = dwarf;
				ENABLE_STRICT_OBJC_MSGSEND = YES;
				ENABLE_TESTABILITY = YES;
				GCC_C_LANGUAGE_STANDARD = gnu99;
				GCC_DYNAMIC_NO_PIC = NO;
				GCC_NO_COMMON_BLOCKS = YES;
				GCC_OPTIMIZATION_LEVEL = 0;
				GCC_PREPROCESSOR_DEFINITIONS = (
					"DEBUG=1",
					"$(inherited)",
				);
				GCC_WARN_64_TO_32_BIT_CONVERSION = YES;
				GCC_WARN_ABOUT_RETURN_TYPE = YES_ERROR;
				GCC_WARN_UNDECLARED_SELECTOR = YES;
				GCC_WARN_UNINITIALIZED_AUTOS = YES_AGGRESSIVE;
				GCC_WARN_UNUSED_FUNCTION = YES;
				GCC_WARN_UNUSED_VARIABLE = YES;
				IPHONEOS_DEPLOYMENT_TARGET = 10.3;
				MTL_ENABLE_DEBUG_INFO = YES;
				ONLY_ACTIVE_ARCH = YES;
				SDKROOT = iphoneos;
				TARGETED_DEVICE_FAMILY = "1,2";
			};
			name = Debug;
		};
		C518E0CD1F330FD100F13113 /* Release */ = {
			isa = XCBuildConfiguration;
			buildSettings = {
				ALWAYS_SEARCH_USER_PATHS = NO;
				CLANG_ANALYZER_NONNULL = YES;
				CLANG_ANALYZER_NUMBER_OBJECT_CONVERSION = YES_AGGRESSIVE;
				CLANG_CXX_LANGUAGE_STANDARD = "gnu++0x";
				CLANG_CXX_LIBRARY = "libc++";
				CLANG_ENABLE_MODULES = YES;
				CLANG_ENABLE_OBJC_ARC = YES;
				CLANG_WARN_BOOL_CONVERSION = YES;
				CLANG_WARN_CONSTANT_CONVERSION = YES;
				CLANG_WARN_DIRECT_OBJC_ISA_USAGE = YES_ERROR;
				CLANG_WARN_DOCUMENTATION_COMMENTS = YES;
				CLANG_WARN_EMPTY_BODY = YES;
				CLANG_WARN_ENUM_CONVERSION = YES;
				CLANG_WARN_INFINITE_RECURSION = YES;
				CLANG_WARN_INT_CONVERSION = YES;
				CLANG_WARN_OBJC_ROOT_CLASS = YES_ERROR;
				CLANG_WARN_SUSPICIOUS_MOVE = YES;
				CLANG_WARN_UNREACHABLE_CODE = YES;
				CLANG_WARN__DUPLICATE_METHOD_MATCH = YES;
				"CODE_SIGN_IDENTITY[sdk=iphoneos*]" = "iPhone Developer";
				COPY_PHASE_STRIP = NO;
				DEBUG_INFORMATION_FORMAT = "dwarf-with-dsym";
				ENABLE_NS_ASSERTIONS = NO;
				ENABLE_STRICT_OBJC_MSGSEND = YES;
				GCC_C_LANGUAGE_STANDARD = gnu99;
				GCC_NO_COMMON_BLOCKS = YES;
				GCC_WARN_64_TO_32_BIT_CONVERSION = YES;
				GCC_WARN_ABOUT_RETURN_TYPE = YES_ERROR;
				GCC_WARN_UNDECLARED_SELECTOR = YES;
				GCC_WARN_UNINITIALIZED_AUTOS = YES_AGGRESSIVE;
				GCC_WARN_UNUSED_FUNCTION = YES;
				GCC_WARN_UNUSED_VARIABLE = YES;
				IPHONEOS_DEPLOYMENT_TARGET = 10.3;
				MTL_ENABLE_DEBUG_INFO = NO;
				SDKROOT = iphoneos;
				TARGETED_DEVICE_FAMILY = "1,2";
				VALIDATE_PRODUCT = YES;
			};
			name = Release;
		};
		C518E0CF1F330FD100F13113 /* Debug */ = {
			isa = XCBuildConfiguration;
			baseConfigurationReference = 078D253414A399E8B9D3DDFD /* Pods-Pic.debug.xcconfig */;
			buildSettings = {
				ASSETCATALOG_COMPILER_APPICON_NAME = AppIcon;
				GCC_PREFIX_HEADER = Pic/PrefixHeader.pch;
				INFOPLIST_FILE = Pic/Info.plist;
				IPHONEOS_DEPLOYMENT_TARGET = 8.0;
				LD_RUNPATH_SEARCH_PATHS = "$(inherited) @executable_path/Frameworks";
				PRODUCT_BUNDLE_IDENTIFIER = com.shen13.Pic;
				PRODUCT_NAME = "$(TARGET_NAME)";
				TARGETED_DEVICE_FAMILY = "1,2";
			};
			name = Debug;
		};
		C518E0D01F330FD100F13113 /* Release */ = {
			isa = XCBuildConfiguration;
			baseConfigurationReference = 84B3872244D668D65C7DFA25 /* Pods-Pic.release.xcconfig */;
			buildSettings = {
				ASSETCATALOG_COMPILER_APPICON_NAME = AppIcon;
				GCC_PREFIX_HEADER = Pic/PrefixHeader.pch;
				INFOPLIST_FILE = Pic/Info.plist;
				IPHONEOS_DEPLOYMENT_TARGET = 8.0;
				LD_RUNPATH_SEARCH_PATHS = "$(inherited) @executable_path/Frameworks";
				PRODUCT_BUNDLE_IDENTIFIER = com.shen13.Pic;
				PRODUCT_NAME = "$(TARGET_NAME)";
				TARGETED_DEVICE_FAMILY = "1,2";
			};
			name = Release;
		};
		C518E0D21F330FD100F13113 /* Debug */ = {
			isa = XCBuildConfiguration;
			buildSettings = {
				BUNDLE_LOADER = "$(TEST_HOST)";
				INFOPLIST_FILE = PicTests/Info.plist;
				LD_RUNPATH_SEARCH_PATHS = "$(inherited) @executable_path/Frameworks @loader_path/Frameworks";
				PRODUCT_BUNDLE_IDENTIFIER = com.shen13.PicTests;
				PRODUCT_NAME = "$(TARGET_NAME)";
				TEST_HOST = "$(BUILT_PRODUCTS_DIR)/Pic.app/Pic";
			};
			name = Debug;
		};
		C518E0D31F330FD100F13113 /* Release */ = {
			isa = XCBuildConfiguration;
			buildSettings = {
				BUNDLE_LOADER = "$(TEST_HOST)";
				INFOPLIST_FILE = PicTests/Info.plist;
				LD_RUNPATH_SEARCH_PATHS = "$(inherited) @executable_path/Frameworks @loader_path/Frameworks";
				PRODUCT_BUNDLE_IDENTIFIER = com.shen13.PicTests;
				PRODUCT_NAME = "$(TARGET_NAME)";
				TEST_HOST = "$(BUILT_PRODUCTS_DIR)/Pic.app/Pic";
			};
			name = Release;
		};
		C518E0D51F330FD100F13113 /* Debug */ = {
			isa = XCBuildConfiguration;
			buildSettings = {
				INFOPLIST_FILE = PicUITests/Info.plist;
				LD_RUNPATH_SEARCH_PATHS = "$(inherited) @executable_path/Frameworks @loader_path/Frameworks";
				PRODUCT_BUNDLE_IDENTIFIER = com.shen13.PicUITests;
				PRODUCT_NAME = "$(TARGET_NAME)";
				TEST_TARGET_NAME = Pic;
			};
			name = Debug;
		};
		C518E0D61F330FD100F13113 /* Release */ = {
			isa = XCBuildConfiguration;
			buildSettings = {
				INFOPLIST_FILE = PicUITests/Info.plist;
				LD_RUNPATH_SEARCH_PATHS = "$(inherited) @executable_path/Frameworks @loader_path/Frameworks";
				PRODUCT_BUNDLE_IDENTIFIER = com.shen13.PicUITests;
				PRODUCT_NAME = "$(TARGET_NAME)";
				TEST_TARGET_NAME = Pic;
			};
			name = Release;
		};
/* End XCBuildConfiguration section */

/* Begin XCConfigurationList section */
		C518E09C1F330FD100F13113 /* Build configuration list for PBXProject "Pic" */ = {
			isa = XCConfigurationList;
			buildConfigurations = (
				C518E0CC1F330FD100F13113 /* Debug */,
				C518E0CD1F330FD100F13113 /* Release */,
			);
			defaultConfigurationIsVisible = 0;
			defaultConfigurationName = Release;
		};
		C518E0CE1F330FD100F13113 /* Build configuration list for PBXNativeTarget "Pic" */ = {
			isa = XCConfigurationList;
			buildConfigurations = (
				C518E0CF1F330FD100F13113 /* Debug */,
				C518E0D01F330FD100F13113 /* Release */,
			);
			defaultConfigurationIsVisible = 0;
			defaultConfigurationName = Release;
		};
		C518E0D11F330FD100F13113 /* Build configuration list for PBXNativeTarget "PicTests" */ = {
			isa = XCConfigurationList;
			buildConfigurations = (
				C518E0D21F330FD100F13113 /* Debug */,
				C518E0D31F330FD100F13113 /* Release */,
			);
			defaultConfigurationIsVisible = 0;
			defaultConfigurationName = Release;
		};
		C518E0D41F330FD100F13113 /* Build configuration list for PBXNativeTarget "PicUITests" */ = {
			isa = XCConfigurationList;
			buildConfigurations = (
				C518E0D51F330FD100F13113 /* Debug */,
				C518E0D61F330FD100F13113 /* Release */,
			);
			defaultConfigurationIsVisible = 0;
			defaultConfigurationName = Release;
		};
/* End XCConfigurationList section */
	};
	rootObject = C518E0991F330FD100F13113 /* Project object */;
}
